
Microsoft Visual Studio Solution File, Format Version 12.00
# Visual Studio 15
VisualStudioVersion = 15.0.27428.2037
MinimumVisualStudioVersion = 10.0.40219.1
Project("{FAE04EC0-301F-11D3-BF4B-00C04F79EFBC}") = "Shelf_Share", "Shelf_Share\Shelf_Share.csproj", "{F79CEDC5-7DC1-4FC0-A27D-4FCD039B4F0B}"
EndProject
Project("{2150E333-8FDC-42A3-9474-1A3956D46DE8}") = "SolutionItems", "SolutionItems", "{5FEC8F3D-FA42-4250-97FA-9C7E4A15FC57}"
	ProjectSection(SolutionItems) = preProject
		.env = .env
		.gitignore = .gitignore
	EndProjectSection
EndProject
Global
	GlobalSection(SolutionConfigurationPlatforms) = preSolution
		Debug|Any CPU = Debug|Any CPU
		Release|Any CPU = Release|Any CPU
	EndGlobalSection
	GlobalSection(ProjectConfigurationPlatforms) = postSolution
		{F79CEDC5-7DC1-4FC0-A27D-4FCD039B4F0B}.Debug|Any CPU.ActiveCfg = Debug|Any CPU
		{F79CEDC5-7DC1-4FC0-A27D-4FCD039B4F0B}.Debug|Any CPU.Build.0 = Debug|Any CPU
		{F79CEDC5-7DC1-4FC0-A27D-4FCD039B4F0B}.Release|Any CPU.ActiveCfg = Release|Any CPU
		{F79CEDC5-7DC1-4FC0-A27D-4FCD039B4F0B}.Release|Any CPU.Build.0 = Release|Any CPU
	EndGlobalSection
	GlobalSection(SolutionProperties) = preSolution
		HideSolutionNode = FALSE
	EndGlobalSection
	GlobalSection(ExtensibilityGlobals) = postSolution
		SolutionGuid = {347AE9D0-EFB7-4207-A30D-72A0A4443DED}
	EndGlobalSection
EndGlobal
